PODS:
  - JCBannerView (0.0.2):
    - SDWebImage (= 3.7.2)
  - SDWebImage (3.7.2):
    - SDWebImage/Core (= 3.7.2)
  - SDWebImage/Core (3.7.2)

DEPENDENCIES:
  - JCBannerView (from `../`)

EXTERNAL SOURCES:
  JCBannerView:
    :path: ../

SPEC CHECKSUMS:
  JCBannerView: 37062eb6e83bda9f2a31c01b3ca0c65ed4295514
  SDWebImage: 71b7cdc1d1721d6a82ed62889030225f2c249e29

COCOAPODS: 0.36.0
